
Microsoft Visual Studio Solution File, Format Version 12.00
# Visual Studio 2013
VisualStudioVersion = 12.0.31101.0
MinimumVisualStudioVersion = 10.0.40219.1
Project("{FAE04EC0-301F-11D3-BF4B-00C04F79EFBC}") = "HouApp_Web", "HouApp_Web\HouApp_Web.csproj", "{D4703903-A37D-4328-9597-85D982644DEC}"
EndProject
Project("{FAE04EC0-301F-11D3-BF4B-00C04F79EFBC}") = "HouApp_Web.Data", "HouApp_Web.Data\HouApp_Web.Data.csproj", "{E2F5912F-5A38-4956-9A28-F3F10C389681}"
EndProject
Project("{FAE04EC0-301F-11D3-BF4B-00C04F79EFBC}") = "HouApp_Web.Data.Models", "HouApp_Web.Data.Models\HouApp_Web.Data.Models.csproj", "{EB9615F0-F838-4021-B258-C46F1B8D4B82}"
EndProject
Project("{262852C6-CD72-467D-83FE-5EEB1973A190}") = "HouApp_Mobile", "HouApp_Mobile\HouApp_Mobile.jsproj", "{F8F4FCA8-FEE6-4081-8758-E15AC90AE7CB}"
EndProject
Project("{FAE04EC0-301F-11D3-BF4B-00C04F79EFBC}") = "MapApp", "MapApp\MapApp.csproj", "{B7443B10-F4CC-4E42-BCF8-AD7A8DA432FA}"
EndProject
Project("{2150E333-8FDC-42A3-9474-1A3956D46DE8}") = "PublishScripts", "PublishScripts", "{1A166F3C-1B17-4430-B59F-0CCCDB7BB246}"
	ProjectSection(SolutionItems) = preProject
		PublishScripts\AzureWebsitePublishModule.psm1 = PublishScripts\AzureWebsitePublishModule.psm1
		PublishScripts\Publish-WebApplicationWebsite.ps1 = PublishScripts\Publish-WebApplicationWebsite.ps1
	EndProjectSection
EndProject
Project("{2150E333-8FDC-42A3-9474-1A3956D46DE8}") = "Configurations", "Configurations", "{48DF78FD-DB24-47FA-8E3F-41874EC8569C}"
	ProjectSection(SolutionItems) = preProject
		PublishScripts\Configurations\MapApp-WAWS-dev.json = PublishScripts\Configurations\MapApp-WAWS-dev.json
	EndProjectSection
EndProject
Global
	GlobalSection(TeamFoundationVersionControl) = preSolution
		SccNumberOfProjects = 6
		SccEnterpriseProvider = {4CA58AB2-18FA-4F8D-95D4-32DDF27D184C}
		SccTeamFoundationServer = https://tfs.codeplex.com/tfs/tfs29
		SccLocalPath0 = .
		SccProjectUniqueName1 = HouApp_Web.Data.Models\\HouApp_Web.Data.Models.csproj
		SccProjectName1 = HouApp_Web.Data.Models
		SccLocalPath1 = HouApp_Web.Data.Models
		SccProjectUniqueName2 = HouApp_Web.Data\\HouApp_Web.Data.csproj
		SccProjectName2 = HouApp_Web.Data
		SccLocalPath2 = HouApp_Web.Data
		SccProjectUniqueName3 = HouApp_Web\\HouApp_Web.csproj
		SccProjectName3 = HouApp_Web
		SccLocalPath3 = HouApp_Web
		SccProjectUniqueName4 = HouApp_Mobile\\HouApp_Mobile.jsproj
		SccProjectName4 = HouApp_Mobile
		SccLocalPath4 = HouApp_Mobile
		SccProjectUniqueName5 = MapApp\\MapApp.csproj
		SccProjectName5 = MapApp
		SccLocalPath5 = MapApp
	EndGlobalSection
	GlobalSection(SolutionConfigurationPlatforms) = preSolution
		Debug|Android = Debug|Android
		Debug|Any CPU = Debug|Any CPU
		Debug|iOS = Debug|iOS
		Debug|Mixed Platforms = Debug|Mixed Platforms
		Debug|Windows Phone (Universal) = Debug|Windows Phone (Universal)
		Debug|Windows Phone 8 = Debug|Windows Phone 8
		Debug|Windows-AnyCPU = Debug|Windows-AnyCPU
		Debug|Windows-ARM = Debug|Windows-ARM
		Debug|Windows-x64 = Debug|Windows-x64
		Debug|Windows-x86 = Debug|Windows-x86
		Distribution|Android = Distribution|Android
		Distribution|Any CPU = Distribution|Any CPU
		Distribution|iOS = Distribution|iOS
		Distribution|Mixed Platforms = Distribution|Mixed Platforms
		Distribution|Windows Phone (Universal) = Distribution|Windows Phone (Universal)
		Distribution|Windows Phone 8 = Distribution|Windows Phone 8
		Distribution|Windows-AnyCPU = Distribution|Windows-AnyCPU
		Distribution|Windows-ARM = Distribution|Windows-ARM
		Distribution|Windows-x64 = Distribution|Windows-x64
		Distribution|Windows-x86 = Distribution|Windows-x86
		Release|Android = Release|Android
		Release|Any CPU = Release|Any CPU
		Release|iOS = Release|iOS
		Release|Mixed Platforms = Release|Mixed Platforms
		Release|Windows Phone (Universal) = Release|Windows Phone (Universal)
		Release|Windows Phone 8 = Release|Windows Phone 8
		Release|Windows-AnyCPU = Release|Windows-AnyCPU
		Release|Windows-ARM = Release|Windows-ARM
		Release|Windows-x64 = Release|Windows-x64
		Release|Windows-x86 = Release|Windows-x86
	EndGlobalSection
	GlobalSection(ProjectConfigurationPlatforms) = postSolution
		{D4703903-A37D-4328-9597-85D982644DEC}.Debug|Android.ActiveCfg = Debug|Any CPU
		{D4703903-A37D-4328-9597-85D982644DEC}.Debug|Any CPU.ActiveCfg = Debug|Any CPU
		{D4703903-A37D-4328-9597-85D982644DEC}.Debug|Any CPU.Build.0 = Debug|Any CPU
		{D4703903-A37D-4328-9597-85D982644DEC}.Debug|iOS.ActiveCfg = Debug|Any CPU
		{D4703903-A37D-4328-9597-85D982644DEC}.Debug|Mixed Platforms.ActiveCfg = Debug|Any CPU
		{D4703903-A37D-4328-9597-85D982644DEC}.Debug|Mixed Platforms.Build.0 = Debug|Any CPU
		{D4703903-A37D-4328-9597-85D982644DEC}.Debug|Windows Phone (Universal).ActiveCfg = Debug|Any CPU
		{D4703903-A37D-4328-9597-85D982644DEC}.Debug|Windows Phone 8.ActiveCfg = Debug|Any CPU
		{D4703903-A37D-4328-9597-85D982644DEC}.Debug|Windows-AnyCPU.ActiveCfg = Debug|Any CPU
		{D4703903-A37D-4328-9597-85D982644DEC}.Debug|Windows-ARM.ActiveCfg = Debug|Any CPU
		{D4703903-A37D-4328-9597-85D982644DEC}.Debug|Windows-x64.ActiveCfg = Debug|Any CPU
		{D4703903-A37D-4328-9597-85D982644DEC}.Debug|Windows-x86.ActiveCfg = Debug|Any CPU
		{D4703903-A37D-4328-9597-85D982644DEC}.Distribution|Android.ActiveCfg = Debug|Any CPU
		{D4703903-A37D-4328-9597-85D982644DEC}.Distribution|Any CPU.ActiveCfg = Debug|Any CPU
		{D4703903-A37D-4328-9597-85D982644DEC}.Distribution|Any CPU.Build.0 = Debug|Any CPU
		{D4703903-A37D-4328-9597-85D982644DEC}.Distribution|iOS.ActiveCfg = Debug|Any CPU
		{D4703903-A37D-4328-9597-85D982644DEC}.Distribution|Mixed Platforms.ActiveCfg = Debug|Any CPU
		{D4703903-A37D-4328-9597-85D982644DEC}.Distribution|Mixed Platforms.Build.0 = Debug|Any CPU
		{D4703903-A37D-4328-9597-85D982644DEC}.Distribution|Windows Phone (Universal).ActiveCfg = Debug|Any CPU
		{D4703903-A37D-4328-9597-85D982644DEC}.Distribution|Windows Phone 8.ActiveCfg = Debug|Any CPU
		{D4703903-A37D-4328-9597-85D982644DEC}.Distribution|Windows-AnyCPU.ActiveCfg = Debug|Any CPU
		{D4703903-A37D-4328-9597-85D982644DEC}.Distribution|Windows-ARM.ActiveCfg = Debug|Any CPU
		{D4703903-A37D-4328-9597-85D982644DEC}.Distribution|Windows-x64.ActiveCfg = Debug|Any CPU
		{D4703903-A37D-4328-9597-85D982644DEC}.Distribution|Windows-x86.ActiveCfg = Debug|Any CPU
		{D4703903-A37D-4328-9597-85D982644DEC}.Release|Android.ActiveCfg = Release|Any CPU
		{D4703903-A37D-4328-9597-85D982644DEC}.Release|Any CPU.ActiveCfg = Release|Any CPU
		{D4703903-A37D-4328-9597-85D982644DEC}.Release|Any CPU.Build.0 = Release|Any CPU
		{D4703903-A37D-4328-9597-85D982644DEC}.Release|iOS.ActiveCfg = Release|Any CPU
		{D4703903-A37D-4328-9597-85D982644DEC}.Release|Mixed Platforms.ActiveCfg = Release|Any CPU
		{D4703903-A37D-4328-9597-85D982644DEC}.Release|Mixed Platforms.Build.0 = Release|Any CPU
		{D4703903-A37D-4328-9597-85D982644DEC}.Release|Windows Phone (Universal).ActiveCfg = Release|Any CPU
		{D4703903-A37D-4328-9597-85D982644DEC}.Release|Windows Phone 8.ActiveCfg = Release|Any CPU
		{D4703903-A37D-4328-9597-85D982644DEC}.Release|Windows-AnyCPU.ActiveCfg = Release|Any CPU
		{D4703903-A37D-4328-9597-85D982644DEC}.Release|Windows-ARM.ActiveCfg = Release|Any CPU
		{D4703903-A37D-4328-9597-85D982644DEC}.Release|Windows-x64.ActiveCfg = Release|Any CPU
		{D4703903-A37D-4328-9597-85D982644DEC}.Release|Windows-x86.ActiveCfg = Release|Any CPU
		{E2F5912F-5A38-4956-9A28-F3F10C389681}.Debug|Android.ActiveCfg = Debug|Any CPU
		{E2F5912F-5A38-4956-9A28-F3F10C389681}.Debug|Any CPU.ActiveCfg = Debug|Any CPU
		{E2F5912F-5A38-4956-9A28-F3F10C389681}.Debug|Any CPU.Build.0 = Debug|Any CPU
		{E2F5912F-5A38-4956-9A28-F3F10C389681}.Debug|iOS.ActiveCfg = Debug|Any CPU
		{E2F5912F-5A38-4956-9A28-F3F10C389681}.Debug|Mixed Platforms.ActiveCfg = Debug|Any CPU
		{E2F5912F-5A38-4956-9A28-F3F10C389681}.Debug|Mixed Platforms.Build.0 = Debug|Any CPU
		{E2F5912F-5A38-4956-9A28-F3F10C389681}.Debug|Windows Phone (Universal).ActiveCfg = Debug|Any CPU
		{E2F5912F-5A38-4956-9A28-F3F10C389681}.Debug|Windows Phone 8.ActiveCfg = Debug|Any CPU
		{E2F5912F-5A38-4956-9A28-F3F10C389681}.Debug|Windows-AnyCPU.ActiveCfg = Debug|Any CPU
		{E2F5912F-5A38-4956-9A28-F3F10C389681}.Debug|Windows-ARM.ActiveCfg = Debug|Any CPU
		{E2F5912F-5A38-4956-9A28-F3F10C389681}.Debug|Windows-x64.ActiveCfg = Debug|Any CPU
		{E2F5912F-5A38-4956-9A28-F3F10C389681}.Debug|Windows-x86.ActiveCfg = Debug|Any CPU
		{E2F5912F-5A38-4956-9A28-F3F10C389681}.Distribution|Android.ActiveCfg = Debug|Any CPU
		{E2F5912F-5A38-4956-9A28-F3F10C389681}.Distribution|Any CPU.ActiveCfg = Debug|Any CPU
		{E2F5912F-5A38-4956-9A28-F3F10C389681}.Distribution|Any CPU.Build.0 = Debug|Any CPU
		{E2F5912F-5A38-4956-9A28-F3F10C389681}.Distribution|iOS.ActiveCfg = Debug|Any CPU
		{E2F5912F-5A38-4956-9A28-F3F10C389681}.Distribution|Mixed Platforms.ActiveCfg = Debug|Any CPU
		{E2F5912F-5A38-4956-9A28-F3F10C389681}.Distribution|Mixed Platforms.Build.0 = Debug|Any CPU
		{E2F5912F-5A38-4956-9A28-F3F10C389681}.Distribution|Windows Phone (Universal).ActiveCfg = Debug|Any CPU
		{E2F5912F-5A38-4956-9A28-F3F10C389681}.Distribution|Windows Phone 8.ActiveCfg = Debug|Any CPU
		{E2F5912F-5A38-4956-9A28-F3F10C389681}.Distribution|Windows-AnyCPU.ActiveCfg = Debug|Any CPU
		{E2F5912F-5A38-4956-9A28-F3F10C389681}.Distribution|Windows-ARM.ActiveCfg = Debug|Any CPU
		{E2F5912F-5A38-4956-9A28-F3F10C389681}.Distribution|Windows-x64.ActiveCfg = Debug|Any CPU
		{E2F5912F-5A38-4956-9A28-F3F10C389681}.Distribution|Windows-x86.ActiveCfg = Debug|Any CPU
		{E2F5912F-5A38-4956-9A28-F3F10C389681}.Release|Android.ActiveCfg = Release|Any CPU
		{E2F5912F-5A38-4956-9A28-F3F10C389681}.Release|Any CPU.ActiveCfg = Release|Any CPU
		{E2F5912F-5A38-4956-9A28-F3F10C389681}.Release|Any CPU.Build.0 = Release|Any CPU
		{E2F5912F-5A38-4956-9A28-F3F10C389681}.Release|iOS.ActiveCfg = Release|Any CPU
		{E2F5912F-5A38-4956-9A28-F3F10C389681}.Release|Mixed Platforms.ActiveCfg = Release|Any CPU
		{E2F5912F-5A38-4956-9A28-F3F10C389681}.Release|Mixed Platforms.Build.0 = Release|Any CPU
		{E2F5912F-5A38-4956-9A28-F3F10C389681}.Release|Windows Phone (Universal).ActiveCfg = Release|Any CPU
		{E2F5912F-5A38-4956-9A28-F3F10C389681}.Release|Windows Phone 8.ActiveCfg = Release|Any CPU
		{E2F5912F-5A38-4956-9A28-F3F10C389681}.Release|Windows-AnyCPU.ActiveCfg = Release|Any CPU
		{E2F5912F-5A38-4956-9A28-F3F10C389681}.Release|Windows-ARM.ActiveCfg = Release|Any CPU
		{E2F5912F-5A38-4956-9A28-F3F10C389681}.Release|Windows-x64.ActiveCfg = Release|Any CPU
		{E2F5912F-5A38-4956-9A28-F3F10C389681}.Release|Windows-x86.ActiveCfg = Release|Any CPU
		{EB9615F0-F838-4021-B258-C46F1B8D4B82}.Debug|Android.ActiveCfg = Debug|Any CPU
		{EB9615F0-F838-4021-B258-C46F1B8D4B82}.Debug|Any CPU.ActiveCfg = Debug|Any CPU
		{EB9615F0-F838-4021-B258-C46F1B8D4B82}.Debug|Any CPU.Build.0 = Debug|Any CPU
		{EB9615F0-F838-4021-B258-C46F1B8D4B82}.Debug|iOS.ActiveCfg = Debug|Any CPU
		{EB9615F0-F838-4021-B258-C46F1B8D4B82}.Debug|Mixed Platforms.ActiveCfg = Debug|Any CPU
		{EB9615F0-F838-4021-B258-C46F1B8D4B82}.Debug|Mixed Platforms.Build.0 = Debug|Any CPU
		{EB9615F0-F838-4021-B258-C46F1B8D4B82}.Debug|Windows Phone (Universal).ActiveCfg = Debug|Any CPU
		{EB9615F0-F838-4021-B258-C46F1B8D4B82}.Debug|Windows Phone 8.ActiveCfg = Debug|Any CPU
		{EB9615F0-F838-4021-B258-C46F1B8D4B82}.Debug|Windows-AnyCPU.ActiveCfg = Debug|Any CPU
		{EB9615F0-F838-4021-B258-C46F1B8D4B82}.Debug|Windows-ARM.ActiveCfg = Debug|Any CPU
		{EB9615F0-F838-4021-B258-C46F1B8D4B82}.Debug|Windows-x64.ActiveCfg = Debug|Any CPU
		{EB9615F0-F838-4021-B258-C46F1B8D4B82}.Debug|Windows-x86.ActiveCfg = Debug|Any CPU
		{EB9615F0-F838-4021-B258-C46F1B8D4B82}.Distribution|Android.ActiveCfg = Debug|Any CPU
		{EB9615F0-F838-4021-B258-C46F1B8D4B82}.Distribution|Any CPU.ActiveCfg = Debug|Any CPU
		{EB9615F0-F838-4021-B258-C46F1B8D4B82}.Distribution|Any CPU.Build.0 = Debug|Any CPU
		{EB9615F0-F838-4021-B258-C46F1B8D4B82}.Distribution|iOS.ActiveCfg = Debug|Any CPU
		{EB9615F0-F838-4021-B258-C46F1B8D4B82}.Distribution|Mixed Platforms.ActiveCfg = Debug|Any CPU
		{EB9615F0-F838-4021-B258-C46F1B8D4B82}.Distribution|Mixed Platforms.Build.0 = Debug|Any CPU
		{EB9615F0-F838-4021-B258-C46F1B8D4B82}.Distribution|Windows Phone (Universal).ActiveCfg = Debug|Any CPU
		{EB9615F0-F838-4021-B258-C46F1B8D4B82}.Distribution|Windows Phone 8.ActiveCfg = Debug|Any CPU
		{EB9615F0-F838-4021-B258-C46F1B8D4B82}.Distribution|Windows-AnyCPU.ActiveCfg = Debug|Any CPU
		{EB9615F0-F838-4021-B258-C46F1B8D4B82}.Distribution|Windows-ARM.ActiveCfg = Debug|Any CPU
		{EB9615F0-F838-4021-B258-C46F1B8D4B82}.Distribution|Windows-x64.ActiveCfg = Debug|Any CPU
		{EB9615F0-F838-4021-B258-C46F1B8D4B82}.Distribution|Windows-x86.ActiveCfg = Debug|Any CPU
		{EB9615F0-F838-4021-B258-C46F1B8D4B82}.Release|Android.ActiveCfg = Release|Any CPU
		{EB9615F0-F838-4021-B258-C46F1B8D4B82}.Release|Any CPU.ActiveCfg = Release|Any CPU
		{EB9615F0-F838-4021-B258-C46F1B8D4B82}.Release|Any CPU.Build.0 = Release|Any CPU
		{EB9615F0-F838-4021-B258-C46F1B8D4B82}.Release|iOS.ActiveCfg = Release|Any CPU
		{EB9615F0-F838-4021-B258-C46F1B8D4B82}.Release|Mixed Platforms.ActiveCfg = Release|Any CPU
		{EB9615F0-F838-4021-B258-C46F1B8D4B82}.Release|Mixed Platforms.Build.0 = Release|Any CPU
		{EB9615F0-F838-4021-B258-C46F1B8D4B82}.Release|Windows Phone (Universal).ActiveCfg = Release|Any CPU
		{EB9615F0-F838-4021-B258-C46F1B8D4B82}.Release|Windows Phone 8.ActiveCfg = Release|Any CPU
		{EB9615F0-F838-4021-B258-C46F1B8D4B82}.Release|Windows-AnyCPU.ActiveCfg = Release|Any CPU
		{EB9615F0-F838-4021-B258-C46F1B8D4B82}.Release|Windows-ARM.ActiveCfg = Release|Any CPU
		{EB9615F0-F838-4021-B258-C46F1B8D4B82}.Release|Windows-x64.ActiveCfg = Release|Any CPU
		{EB9615F0-F838-4021-B258-C46F1B8D4B82}.Release|Windows-x86.ActiveCfg = Release|Any CPU
		{F8F4FCA8-FEE6-4081-8758-E15AC90AE7CB}.Debug|Android.ActiveCfg = Debug|Android
		{F8F4FCA8-FEE6-4081-8758-E15AC90AE7CB}.Debug|Android.Build.0 = Debug|Android
		{F8F4FCA8-FEE6-4081-8758-E15AC90AE7CB}.Debug|Android.Deploy.0 = Debug|Android
		{F8F4FCA8-FEE6-4081-8758-E15AC90AE7CB}.Debug|Any CPU.ActiveCfg = Debug|Android
		{F8F4FCA8-FEE6-4081-8758-E15AC90AE7CB}.Debug|iOS.ActiveCfg = Debug|iOS
		{F8F4FCA8-FEE6-4081-8758-E15AC90AE7CB}.Debug|iOS.Build.0 = Debug|iOS
		{F8F4FCA8-FEE6-4081-8758-E15AC90AE7CB}.Debug|iOS.Deploy.0 = Debug|iOS
		{F8F4FCA8-FEE6-4081-8758-E15AC90AE7CB}.Debug|Mixed Platforms.ActiveCfg = Debug|Android
		{F8F4FCA8-FEE6-4081-8758-E15AC90AE7CB}.Debug|Mixed Platforms.Build.0 = Debug|Android
		{F8F4FCA8-FEE6-4081-8758-E15AC90AE7CB}.Debug|Mixed Platforms.Deploy.0 = Debug|Android
		{F8F4FCA8-FEE6-4081-8758-E15AC90AE7CB}.Debug|Windows Phone (Universal).ActiveCfg = Debug|Windows Phone (Universal)
		{F8F4FCA8-FEE6-4081-8758-E15AC90AE7CB}.Debug|Windows Phone (Universal).Build.0 = Debug|Windows Phone (Universal)
		{F8F4FCA8-FEE6-4081-8758-E15AC90AE7CB}.Debug|Windows Phone (Universal).Deploy.0 = Debug|Windows Phone (Universal)
		{F8F4FCA8-FEE6-4081-8758-E15AC90AE7CB}.Debug|Windows Phone 8.ActiveCfg = Debug|Windows Phone 8
		{F8F4FCA8-FEE6-4081-8758-E15AC90AE7CB}.Debug|Windows Phone 8.Build.0 = Debug|Windows Phone 8
		{F8F4FCA8-FEE6-4081-8758-E15AC90AE7CB}.Debug|Windows Phone 8.Deploy.0 = Debug|Windows Phone 8
		{F8F4FCA8-FEE6-4081-8758-E15AC90AE7CB}.Debug|Windows-AnyCPU.ActiveCfg = Debug|Windows-AnyCPU
		{F8F4FCA8-FEE6-4081-8758-E15AC90AE7CB}.Debug|Windows-AnyCPU.Build.0 = Debug|Windows-AnyCPU
		{F8F4FCA8-FEE6-4081-8758-E15AC90AE7CB}.Debug|Windows-AnyCPU.Deploy.0 = Debug|Windows-AnyCPU
		{F8F4FCA8-FEE6-4081-8758-E15AC90AE7CB}.Debug|Windows-ARM.ActiveCfg = Debug|Windows-ARM
		{F8F4FCA8-FEE6-4081-8758-E15AC90AE7CB}.Debug|Windows-ARM.Build.0 = Debug|Windows-ARM
		{F8F4FCA8-FEE6-4081-8758-E15AC90AE7CB}.Debug|Windows-ARM.Deploy.0 = Debug|Windows-ARM
		{F8F4FCA8-FEE6-4081-8758-E15AC90AE7CB}.Debug|Windows-x64.ActiveCfg = Debug|Windows-x64
		{F8F4FCA8-FEE6-4081-8758-E15AC90AE7CB}.Debug|Windows-x64.Build.0 = Debug|Windows-x64
		{F8F4FCA8-FEE6-4081-8758-E15AC90AE7CB}.Debug|Windows-x64.Deploy.0 = Debug|Windows-x64
		{F8F4FCA8-FEE6-4081-8758-E15AC90AE7CB}.Debug|Windows-x86.ActiveCfg = Debug|Windows-x86
		{F8F4FCA8-FEE6-4081-8758-E15AC90AE7CB}.Debug|Windows-x86.Build.0 = Debug|Windows-x86
		{F8F4FCA8-FEE6-4081-8758-E15AC90AE7CB}.Debug|Windows-x86.Deploy.0 = Debug|Windows-x86
		{F8F4FCA8-FEE6-4081-8758-E15AC90AE7CB}.Distribution|Android.ActiveCfg = Distribution|Android
		{F8F4FCA8-FEE6-4081-8758-E15AC90AE7CB}.Distribution|Android.Build.0 = Distribution|Android
		{F8F4FCA8-FEE6-4081-8758-E15AC90AE7CB}.Distribution|Android.Deploy.0 = Distribution|Android
		{F8F4FCA8-FEE6-4081-8758-E15AC90AE7CB}.Distribution|Any CPU.ActiveCfg = Distribution|Android
		{F8F4FCA8-FEE6-4081-8758-E15AC90AE7CB}.Distribution|iOS.ActiveCfg = Distribution|iOS
		{F8F4FCA8-FEE6-4081-8758-E15AC90AE7CB}.Distribution|iOS.Build.0 = Distribution|iOS
		{F8F4FCA8-FEE6-4081-8758-E15AC90AE7CB}.Distribution|iOS.Deploy.0 = Distribution|iOS
		{F8F4FCA8-FEE6-4081-8758-E15AC90AE7CB}.Distribution|Mixed Platforms.ActiveCfg = Distribution|Windows Phone (Universal)
		{F8F4FCA8-FEE6-4081-8758-E15AC90AE7CB}.Distribution|Mixed Platforms.Build.0 = Distribution|Windows Phone (Universal)
		{F8F4FCA8-FEE6-4081-8758-E15AC90AE7CB}.Distribution|Mixed Platforms.Deploy.0 = Distribution|Windows Phone (Universal)
		{F8F4FCA8-FEE6-4081-8758-E15AC90AE7CB}.Distribution|Windows Phone (Universal).ActiveCfg = Distribution|Windows Phone (Universal)
		{F8F4FCA8-FEE6-4081-8758-E15AC90AE7CB}.Distribution|Windows Phone (Universal).Build.0 = Distribution|Windows Phone (Universal)
		{F8F4FCA8-FEE6-4081-8758-E15AC90AE7CB}.Distribution|Windows Phone (Universal).Deploy.0 = Distribution|Windows Phone (Universal)
		{F8F4FCA8-FEE6-4081-8758-E15AC90AE7CB}.Distribution|Windows Phone 8.ActiveCfg = Distribution|Windows Phone 8
		{F8F4FCA8-FEE6-4081-8758-E15AC90AE7CB}.Distribution|Windows Phone 8.Build.0 = Distribution|Windows Phone 8
		{F8F4FCA8-FEE6-4081-8758-E15AC90AE7CB}.Distribution|Windows Phone 8.Deploy.0 = Distribution|Windows Phone 8
		{F8F4FCA8-FEE6-4081-8758-E15AC90AE7CB}.Distribution|Windows-AnyCPU.ActiveCfg = Distribution|Windows-AnyCPU
		{F8F4FCA8-FEE6-4081-8758-E15AC90AE7CB}.Distribution|Windows-AnyCPU.Build.0 = Distribution|Windows-AnyCPU
		{F8F4FCA8-FEE6-4081-8758-E15AC90AE7CB}.Distribution|Windows-AnyCPU.Deploy.0 = Distribution|Windows-AnyCPU
		{F8F4FCA8-FEE6-4081-8758-E15AC90AE7CB}.Distribution|Windows-ARM.ActiveCfg = Distribution|Windows-ARM
		{F8F4FCA8-FEE6-4081-8758-E15AC90AE7CB}.Distribution|Windows-ARM.Build.0 = Distribution|Windows-ARM
		{F8F4FCA8-FEE6-4081-8758-E15AC90AE7CB}.Distribution|Windows-ARM.Deploy.0 = Distribution|Windows-ARM
		{F8F4FCA8-FEE6-4081-8758-E15AC90AE7CB}.Distribution|Windows-x64.ActiveCfg = Distribution|Windows-x64
		{F8F4FCA8-FEE6-4081-8758-E15AC90AE7CB}.Distribution|Windows-x64.Build.0 = Distribution|Windows-x64
		{F8F4FCA8-FEE6-4081-8758-E15AC90AE7CB}.Distribution|Windows-x64.Deploy.0 = Distribution|Windows-x64
		{F8F4FCA8-FEE6-4081-8758-E15AC90AE7CB}.Distribution|Windows-x86.ActiveCfg = Distribution|Windows-x86
		{F8F4FCA8-FEE6-4081-8758-E15AC90AE7CB}.Distribution|Windows-x86.Build.0 = Distribution|Windows-x86
		{F8F4FCA8-FEE6-4081-8758-E15AC90AE7CB}.Distribution|Windows-x86.Deploy.0 = Distribution|Windows-x86
		{F8F4FCA8-FEE6-4081-8758-E15AC90AE7CB}.Release|Android.ActiveCfg = Release|Android
		{F8F4FCA8-FEE6-4081-8758-E15AC90AE7CB}.Release|Android.Build.0 = Release|Android
		{F8F4FCA8-FEE6-4081-8758-E15AC90AE7CB}.Release|Android.Deploy.0 = Release|Android
		{F8F4FCA8-FEE6-4081-8758-E15AC90AE7CB}.Release|Any CPU.ActiveCfg = Release|Android
		{F8F4FCA8-FEE6-4081-8758-E15AC90AE7CB}.Release|iOS.ActiveCfg = Release|iOS
		{F8F4FCA8-FEE6-4081-8758-E15AC90AE7CB}.Release|iOS.Build.0 = Release|iOS
		{F8F4FCA8-FEE6-4081-8758-E15AC90AE7CB}.Release|iOS.Deploy.0 = Release|iOS
		{F8F4FCA8-FEE6-4081-8758-E15AC90AE7CB}.Release|Mixed Platforms.ActiveCfg = Release|Android
		{F8F4FCA8-FEE6-4081-8758-E15AC90AE7CB}.Release|Mixed Platforms.Build.0 = Release|Android
		{F8F4FCA8-FEE6-4081-8758-E15AC90AE7CB}.Release|Mixed Platforms.Deploy.0 = Release|Android
		{F8F4FCA8-FEE6-4081-8758-E15AC90AE7CB}.Release|Windows Phone (Universal).ActiveCfg = Release|Windows Phone (Universal)
		{F8F4FCA8-FEE6-4081-8758-E15AC90AE7CB}.Release|Windows Phone (Universal).Build.0 = Release|Windows Phone (Universal)
		{F8F4FCA8-FEE6-4081-8758-E15AC90AE7CB}.Release|Windows Phone (Universal).Deploy.0 = Release|Windows Phone (Universal)
		{F8F4FCA8-FEE6-4081-8758-E15AC90AE7CB}.Release|Windows Phone 8.ActiveCfg = Release|Windows Phone 8
		{F8F4FCA8-FEE6-4081-8758-E15AC90AE7CB}.Release|Windows Phone 8.Build.0 = Release|Windows Phone 8
		{F8F4FCA8-FEE6-4081-8758-E15AC90AE7CB}.Release|Windows Phone 8.Deploy.0 = Release|Windows Phone 8
		{F8F4FCA8-FEE6-4081-8758-E15AC90AE7CB}.Release|Windows-AnyCPU.ActiveCfg = Release|Windows-AnyCPU
		{F8F4FCA8-FEE6-4081-8758-E15AC90AE7CB}.Release|Windows-AnyCPU.Build.0 = Release|Windows-AnyCPU
		{F8F4FCA8-FEE6-4081-8758-E15AC90AE7CB}.Release|Windows-AnyCPU.Deploy.0 = Release|Windows-AnyCPU
		{F8F4FCA8-FEE6-4081-8758-E15AC90AE7CB}.Release|Windows-ARM.ActiveCfg = Release|Windows-ARM
		{F8F4FCA8-FEE6-4081-8758-E15AC90AE7CB}.Release|Windows-ARM.Build.0 = Release|Windows-ARM
		{F8F4FCA8-FEE6-4081-8758-E15AC90AE7CB}.Release|Windows-ARM.Deploy.0 = Release|Windows-ARM
		{F8F4FCA8-FEE6-4081-8758-E15AC90AE7CB}.Release|Windows-x64.ActiveCfg = Release|Windows-x64
		{F8F4FCA8-FEE6-4081-8758-E15AC90AE7CB}.Release|Windows-x64.Build.0 = Release|Windows-x64
		{F8F4FCA8-FEE6-4081-8758-E15AC90AE7CB}.Release|Windows-x64.Deploy.0 = Release|Windows-x64
		{F8F4FCA8-FEE6-4081-8758-E15AC90AE7CB}.Release|Windows-x86.ActiveCfg = Release|Windows-x86
		{F8F4FCA8-FEE6-4081-8758-E15AC90AE7CB}.Release|Windows-x86.Build.0 = Release|Windows-x86
		{F8F4FCA8-FEE6-4081-8758-E15AC90AE7CB}.Release|Windows-x86.Deploy.0 = Release|Windows-x86
		{B7443B10-F4CC-4E42-BCF8-AD7A8DA432FA}.Debug|Android.ActiveCfg = Debug|Any CPU
		{B7443B10-F4CC-4E42-BCF8-AD7A8DA432FA}.Debug|Any CPU.ActiveCfg = Debug|Any CPU
		{B7443B10-F4CC-4E42-BCF8-AD7A8DA432FA}.Debug|Any CPU.Build.0 = Debug|Any CPU
		{B7443B10-F4CC-4E42-BCF8-AD7A8DA432FA}.Debug|iOS.ActiveCfg = Debug|Any CPU
		{B7443B10-F4CC-4E42-BCF8-AD7A8DA432FA}.Debug|Mixed Platforms.ActiveCfg = Debug|Any CPU
		{B7443B10-F4CC-4E42-BCF8-AD7A8DA432FA}.Debug|Mixed Platforms.Build.0 = Debug|Any CPU
		{B7443B10-F4CC-4E42-BCF8-AD7A8DA432FA}.Debug|Windows Phone (Universal).ActiveCfg = Debug|Any CPU
		{B7443B10-F4CC-4E42-BCF8-AD7A8DA432FA}.Debug|Windows Phone 8.ActiveCfg = Debug|Any CPU
		{B7443B10-F4CC-4E42-BCF8-AD7A8DA432FA}.Debug|Windows-AnyCPU.ActiveCfg = Debug|Any CPU
		{B7443B10-F4CC-4E42-BCF8-AD7A8DA432FA}.Debug|Windows-ARM.ActiveCfg = Debug|Any CPU
		{B7443B10-F4CC-4E42-BCF8-AD7A8DA432FA}.Debug|Windows-x64.ActiveCfg = Debug|Any CPU
		{B7443B10-F4CC-4E42-BCF8-AD7A8DA432FA}.Debug|Windows-x86.ActiveCfg = Debug|Any CPU
		{B7443B10-F4CC-4E42-BCF8-AD7A8DA432FA}.Distribution|Android.ActiveCfg = Debug|Any CPU
		{B7443B10-F4CC-4E42-BCF8-AD7A8DA432FA}.Distribution|Any CPU.ActiveCfg = Debug|Any CPU
		{B7443B10-F4CC-4E42-BCF8-AD7A8DA432FA}.Distribution|Any CPU.Build.0 = Debug|Any CPU
		{B7443B10-F4CC-4E42-BCF8-AD7A8DA432FA}.Distribution|iOS.ActiveCfg = Debug|Any CPU
		{B7443B10-F4CC-4E42-BCF8-AD7A8DA432FA}.Distribution|Mixed Platforms.ActiveCfg = Debug|Any CPU
		{B7443B10-F4CC-4E42-BCF8-AD7A8DA432FA}.Distribution|Mixed Platforms.Build.0 = Debug|Any CPU
		{B7443B10-F4CC-4E42-BCF8-AD7A8DA432FA}.Distribution|Windows Phone (Universal).ActiveCfg = Debug|Any CPU
		{B7443B10-F4CC-4E42-BCF8-AD7A8DA432FA}.Distribution|Windows Phone 8.ActiveCfg = Debug|Any CPU
		{B7443B10-F4CC-4E42-BCF8-AD7A8DA432FA}.Distribution|Windows-AnyCPU.ActiveCfg = Debug|Any CPU
		{B7443B10-F4CC-4E42-BCF8-AD7A8DA432FA}.Distribution|Windows-ARM.ActiveCfg = Debug|Any CPU
		{B7443B10-F4CC-4E42-BCF8-AD7A8DA432FA}.Distribution|Windows-x64.ActiveCfg = Debug|Any CPU
		{B7443B10-F4CC-4E42-BCF8-AD7A8DA432FA}.Distribution|Windows-x86.ActiveCfg = Debug|Any CPU
		{B7443B10-F4CC-4E42-BCF8-AD7A8DA432FA}.Release|Android.ActiveCfg = Release|Any CPU
		{B7443B10-F4CC-4E42-BCF8-AD7A8DA432FA}.Release|Any CPU.ActiveCfg = Release|Any CPU
		{B7443B10-F4CC-4E42-BCF8-AD7A8DA432FA}.Release|Any CPU.Build.0 = Release|Any CPU
		{B7443B10-F4CC-4E42-BCF8-AD7A8DA432FA}.Release|iOS.ActiveCfg = Release|Any CPU
		{B7443B10-F4CC-4E42-BCF8-AD7A8DA432FA}.Release|Mixed Platforms.ActiveCfg = Release|Any CPU
		{B7443B10-F4CC-4E42-BCF8-AD7A8DA432FA}.Release|Mixed Platforms.Build.0 = Release|Any CPU
		{B7443B10-F4CC-4E42-BCF8-AD7A8DA432FA}.Release|Windows Phone (Universal).ActiveCfg = Release|Any CPU
		{B7443B10-F4CC-4E42-BCF8-AD7A8DA432FA}.Release|Windows Phone 8.ActiveCfg = Release|Any CPU
		{B7443B10-F4CC-4E42-BCF8-AD7A8DA432FA}.Release|Windows-AnyCPU.ActiveCfg = Release|Any CPU
		{B7443B10-F4CC-4E42-BCF8-AD7A8DA432FA}.Release|Windows-ARM.ActiveCfg = Release|Any CPU
		{B7443B10-F4CC-4E42-BCF8-AD7A8DA432FA}.Release|Windows-x64.ActiveCfg = Release|Any CPU
		{B7443B10-F4CC-4E42-BCF8-AD7A8DA432FA}.Release|Windows-x86.ActiveCfg = Release|Any CPU
	EndGlobalSection
	GlobalSection(SolutionProperties) = preSolution
		HideSolutionNode = FALSE
	EndGlobalSection
	GlobalSection(NestedProjects) = preSolution
		{48DF78FD-DB24-47FA-8E3F-41874EC8569C} = {1A166F3C-1B17-4430-B59F-0CCCDB7BB246}
	EndGlobalSection
EndGlobal
